// !$*UTF8*$!
{
	archiveVersion = 1;
	classes = {
	};
	objectVersion = 50;
	objects = {

/* Begin PBXBuildFile section */
		943EF7ED24148CF1000908F5 /* BaseUIBarButtonItem.swift in Sources */ = {isa = PBXBuildFile; fileRef = 943EF7EC24148CF1000908F5 /* BaseUIBarButtonItem.swift */; };
		94F9F95F240CF3E7006C7EF2 /* AppDelegate.swift in Sources */ = {isa = PBXBuildFile; fileRef = 94F9F95E240CF3E7006C7EF2 /* AppDelegate.swift */; };
		94F9F966240CF3E7006C7EF2 /* Main.storyboard in Resources */ = {isa = PBXBuildFile; fileRef = 94F9F964240CF3E7006C7EF2 /* Main.storyboard */; };
		94F9F968240CF3E7006C7EF2 /* Assets.xcassets in Resources */ = {isa = PBXBuildFile; fileRef = 94F9F967240CF3E7006C7EF2 /* Assets.xcassets */; };
		94F9F96B240CF3E7006C7EF2 /* LaunchScreen.storyboard in Resources */ = {isa = PBXBuildFile; fileRef = 94F9F969240CF3E7006C7EF2 /* LaunchScreen.storyboard */; };
		94F9F980240D041D006C7EF2 /* MainViewControllerByReflection.swift in Sources */ = {isa = PBXBuildFile; fileRef = 94F9F97F240D041D006C7EF2 /* MainViewControllerByReflection.swift */; };
		94F9F982240D0A55006C7EF2 /* HomeViewController.swift in Sources */ = {isa = PBXBuildFile; fileRef = 94F9F981240D0A55006C7EF2 /* HomeViewController.swift */; };
		94F9F984240D0A73006C7EF2 /* MessageViewController.swift in Sources */ = {isa = PBXBuildFile; fileRef = 94F9F983240D0A73006C7EF2 /* MessageViewController.swift */; };
		94F9F986240D0A8D006C7EF2 /* DiscoverViewController.swift in Sources */ = {isa = PBXBuildFile; fileRef = 94F9F985240D0A8D006C7EF2 /* DiscoverViewController.swift */; };
		94F9F988240D0AAD006C7EF2 /* ProfileViewController.swift in Sources */ = {isa = PBXBuildFile; fileRef = 94F9F987240D0AAD006C7EF2 /* ProfileViewController.swift */; };
		94F9F98A240D172C006C7EF2 /* MainViewControllerByMethod.swift in Sources */ = {isa = PBXBuildFile; fileRef = 94F9F989240D172C006C7EF2 /* MainViewControllerByMethod.swift */; };
		94F9F98E240D1F1C006C7EF2 /* MainViewControllerByJson.swift in Sources */ = {isa = PBXBuildFile; fileRef = 94F9F98D240D1F1C006C7EF2 /* MainViewControllerByJson.swift */; };
		94F9F995240D51B3006C7EF2 /* MainVCSettings.json in Resources */ = {isa = PBXBuildFile; fileRef = 94F9F994240D51B3006C7EF2 /* MainVCSettings.json */; };
		94F9F997240E940A006C7EF2 /* MainViewController.swift in Sources */ = {isa = PBXBuildFile; fileRef = 94F9F996240E940A006C7EF2 /* MainViewController.swift */; };
		94F9F999240E992F006C7EF2 /* Home.storyboard in Resources */ = {isa = PBXBuildFile; fileRef = 94F9F998240E992F006C7EF2 /* Home.storyboard */; };
		94F9F99B240E9976006C7EF2 /* Discover.storyboard in Resources */ = {isa = PBXBuildFile; fileRef = 94F9F99A240E9976006C7EF2 /* Discover.storyboard */; };
		94F9F99D240E999D006C7EF2 /* Profile.storyboard in Resources */ = {isa = PBXBuildFile; fileRef = 94F9F99C240E999D006C7EF2 /* Profile.storyboard */; };
		94F9F99F240E99DA006C7EF2 /* Message.storyboard in Resources */ = {isa = PBXBuildFile; fileRef = 94F9F99E240E99DA006C7EF2 /* Message.storyboard */; };
		94F9F9A2240E9D2B006C7EF2 /* New.storyboard in Resources */ = {isa = PBXBuildFile; fileRef = 94F9F9A1240E9D2B006C7EF2 /* New.storyboard */; };
		94F9F9A524113DAB006C7EF2 /* BaseUIButton.swift in Sources */ = {isa = PBXBuildFile; fileRef = 94F9F9A424113DAB006C7EF2 /* BaseUIButton.swift */; };
		94F9F9A82413BC50006C7EF2 /* BaseViewController.swift in Sources */ = {isa = PBXBuildFile; fileRef = 94F9F9A72413BC50006C7EF2 /* BaseViewController.swift */; };
		94F9F9AC2413C46E006C7EF2 /* VisitorView.xib in Resources */ = {isa = PBXBuildFile; fileRef = 94F9F9AB2413C46D006C7EF2 /* VisitorView.xib */; };
		94F9F9AE2413C4E2006C7EF2 /* VisitorView.swift in Sources */ = {isa = PBXBuildFile; fileRef = 94F9F9AD2413C4E2006C7EF2 /* VisitorView.swift */; };
/* End PBXBuildFile section */

/* Begin PBXFileReference section */
		943EF7EC24148CF1000908F5 /* BaseUIBarButtonItem.swift */ = {isa = PBXFileReference; lastKnownFileType = sourcecode.swift; path = BaseUIBarButtonItem.swift; sourceTree = "<group>"; };
		94F9F95B240CF3E6006C7EF2 /* Sina.app */ = {isa = PBXFileReference; explicitFileType = wrapper.application; includeInIndex = 0; path = Sina.app; sourceTree = BUILT_PRODUCTS_DIR; };
		94F9F95E240CF3E7006C7EF2 /* AppDelegate.swift */ = {isa = PBXFileReference; lastKnownFileType = sourcecode.swift; path = AppDelegate.swift; sourceTree = "<group>"; };
		94F9F965240CF3E7006C7EF2 /* Base */ = {isa = PBXFileReference; lastKnownFileType = file.storyboard; name = Base; path = Base.lproj/Main.storyboard; sourceTree = "<group>"; };
		94F9F967240CF3E7006C7EF2 /* Assets.xcassets */ = {isa = PBXFileReference; lastKnownFileType = folder.assetcatalog; path = Assets.xcassets; sourceTree = "<group>"; };
		94F9F96A240CF3E7006C7EF2 /* Base */ = {isa = PBXFileReference; lastKnownFileType = file.storyboard; name = Base; path = Base.lproj/LaunchScreen.storyboard; sourceTree = "<group>"; };
		94F9F96C240CF3E7006C7EF2 /* Info.plist */ = {isa = PBXFileReference; lastKnownFileType = text.plist.xml; path = Info.plist; sourceTree = "<group>"; };
		94F9F97F240D041D006C7EF2 /* MainViewControllerByReflection.swift */ = {isa = PBXFileReference; lastKnownFileType = sourcecode.swift; path = MainViewControllerByReflection.swift; sourceTree = "<group>"; };
		94F9F981240D0A55006C7EF2 /* HomeViewController.swift */ = {isa = PBXFileReference; lastKnownFileType = sourcecode.swift; path = HomeViewController.swift; sourceTree = "<group>"; };
		94F9F983240D0A73006C7EF2 /* MessageViewController.swift */ = {isa = PBXFileReference; lastKnownFileType = sourcecode.swift; path = MessageViewController.swift; sourceTree = "<group>"; };
		94F9F985240D0A8D006C7EF2 /* DiscoverViewController.swift */ = {isa = PBXFileReference; lastKnownFileType = sourcecode.swift; path = DiscoverViewController.swift; sourceTree = "<group>"; };
		94F9F987240D0AAD006C7EF2 /* ProfileViewController.swift */ = {isa = PBXFileReference; lastKnownFileType = sourcecode.swift; path = ProfileViewController.swift; sourceTree = "<group>"; };
		94F9F989240D172C006C7EF2 /* MainViewControllerByMethod.swift */ = {isa = PBXFileReference; lastKnownFileType = sourcecode.swift; path = MainViewControllerByMethod.swift; sourceTree = "<group>"; };
		94F9F98D240D1F1C006C7EF2 /* MainViewControllerByJson.swift */ = {isa = PBXFileReference; lastKnownFileType = sourcecode.swift; path = MainViewControllerByJson.swift; sourceTree = "<group>"; };
		94F9F994240D51B3006C7EF2 /* MainVCSettings.json */ = {isa = PBXFileReference; fileEncoding = 4; lastKnownFileType = text.json; path = MainVCSettings.json; sourceTree = "<group>"; };
		94F9F996240E940A006C7EF2 /* MainViewController.swift */ = {isa = PBXFileReference; lastKnownFileType = sourcecode.swift; path = MainViewController.swift; sourceTree = "<group>"; };
		94F9F998240E992F006C7EF2 /* Home.storyboard */ = {isa = PBXFileReference; fileEncoding = 4; lastKnownFileType = file.storyboard; path = Home.storyboard; sourceTree = "<group>"; };
		94F9F99A240E9976006C7EF2 /* Discover.storyboard */ = {isa = PBXFileReference; fileEncoding = 4; lastKnownFileType = file.storyboard; path = Discover.storyboard; sourceTree = "<group>"; };
		94F9F99C240E999D006C7EF2 /* Profile.storyboard */ = {isa = PBXFileReference; fileEncoding = 4; lastKnownFileType = file.storyboard; path = Profile.storyboard; sourceTree = "<group>"; };
		94F9F99E240E99DA006C7EF2 /* Message.storyboard */ = {isa = PBXFileReference; fileEncoding = 4; lastKnownFileType = file.storyboard; path = Message.storyboard; sourceTree = "<group>"; };
		94F9F9A1240E9D2B006C7EF2 /* New.storyboard */ = {isa = PBXFileReference; fileEncoding = 4; lastKnownFileType = file.storyboard; path = New.storyboard; sourceTree = "<group>"; };
		94F9F9A424113DAB006C7EF2 /* BaseUIButton.swift */ = {isa = PBXFileReference; lastKnownFileType = sourcecode.swift; path = BaseUIButton.swift; sourceTree = "<group>"; };
		94F9F9A72413BC50006C7EF2 /* BaseViewController.swift */ = {isa = PBXFileReference; lastKnownFileType = sourcecode.swift; path = BaseViewController.swift; sourceTree = "<group>"; };
		94F9F9AB2413C46D006C7EF2 /* VisitorView.xib */ = {isa = PBXFileReference; lastKnownFileType = file.xib; path = VisitorView.xib; sourceTree = "<group>"; };
		94F9F9AD2413C4E2006C7EF2 /* VisitorView.swift */ = {isa = PBXFileReference; lastKnownFileType = sourcecode.swift; path = VisitorView.swift; sourceTree = "<group>"; };
/* End PBXFileReference section */

/* Begin PBXFrameworksBuildPhase section */
		94F9F958240CF3E6006C7EF2 /* Frameworks */ = {
			isa = PBXFrameworksBuildPhase;
			buildActionMask = 2147483647;
			files = (
			);
			runOnlyForDeploymentPostprocessing = 0;
		};
/* End PBXFrameworksBuildPhase section */

/* Begin PBXGroup section */
		94F9F952240CF3E6006C7EF2 = {
			isa = PBXGroup;
			children = (
				94F9F95D240CF3E6006C7EF2 /* Sina */,
				94F9F95C240CF3E6006C7EF2 /* Products */,
			);
			sourceTree = "<group>";
		};
		94F9F95C240CF3E6006C7EF2 /* Products */ = {
			isa = PBXGroup;
			children = (
				94F9F95B240CF3E6006C7EF2 /* Sina.app */,
			);
			name = Products;
			sourceTree = "<group>";
		};
		94F9F95D240CF3E6006C7EF2 /* Sina */ = {
			isa = PBXGroup;
			children = (
				94F9F9A0240E9D14006C7EF2 /* New */,
				94F9F97C240D00A0006C7EF2 /* Main */,
				94F9F973240CF4F9006C7EF2 /* Comm */,
				94F9F972240CF4E0006C7EF2 /* Base */,
				94F9F974240CF503006C7EF2 /* Discover */,
				94F9F975240CF511006C7EF2 /* Profile */,
				94F9F976240CF521006C7EF2 /* Home */,
				94F9F977240CF532006C7EF2 /* Message */,
				94F9F95E240CF3E7006C7EF2 /* AppDelegate.swift */,
				94F9F964240CF3E7006C7EF2 /* Main.storyboard */,
				94F9F967240CF3E7006C7EF2 /* Assets.xcassets */,
				94F9F969240CF3E7006C7EF2 /* LaunchScreen.storyboard */,
				94F9F96C240CF3E7006C7EF2 /* Info.plist */,
				94F9F9A62413BBF9006C7EF2 /* Vistor */,
				94F9F97D240D0192006C7EF2 /* Resource */,
			);
			path = Sina;
			sourceTree = "<group>";
		};
		94F9F972240CF4E0006C7EF2 /* Base */ = {
			isa = PBXGroup;
			children = (
				94F9F9A72413BC50006C7EF2 /* BaseViewController.swift */,
				94F9F9A324113D37006C7EF2 /* View */,
			);
			path = Base;
			sourceTree = "<group>";
		};
		94F9F973240CF4F9006C7EF2 /* Comm */ = {
			isa = PBXGroup;
			children = (
			);
			path = Comm;
			sourceTree = "<group>";
		};
		94F9F974240CF503006C7EF2 /* Discover */ = {
			isa = PBXGroup;
			children = (
				94F9F99A240E9976006C7EF2 /* Discover.storyboard */,
				94F9F985240D0A8D006C7EF2 /* DiscoverViewController.swift */,
			);
			path = Discover;
			sourceTree = "<group>";
		};
		94F9F975240CF511006C7EF2 /* Profile */ = {
			isa = PBXGroup;
			children = (
				94F9F99C240E999D006C7EF2 /* Profile.storyboard */,
				94F9F987240D0AAD006C7EF2 /* ProfileViewController.swift */,
			);
			path = Profile;
			sourceTree = "<group>";
		};
		94F9F976240CF521006C7EF2 /* Home */ = {
			isa = PBXGroup;
			children = (
				94F9F998240E992F006C7EF2 /* Home.storyboard */,
				94F9F981240D0A55006C7EF2 /* HomeViewController.swift */,
			);
			path = Home;
			sourceTree = "<group>";
		};
		94F9F977240CF532006C7EF2 /* Message */ = {
			isa = PBXGroup;
			children = (
				94F9F99E240E99DA006C7EF2 /* Message.storyboard */,
				94F9F983240D0A73006C7EF2 /* MessageViewController.swift */,
			);
			path = Message;
			sourceTree = "<group>";
		};
		94F9F97C240D00A0006C7EF2 /* Main */ = {
			isa = PBXGroup;
			children = (
				94F9F97F240D041D006C7EF2 /* MainViewControllerByReflection.swift */,
				94F9F989240D172C006C7EF2 /* MainViewControllerByMethod.swift */,
				94F9F98D240D1F1C006C7EF2 /* MainViewControllerByJson.swift */,
				94F9F996240E940A006C7EF2 /* MainViewController.swift */,
			);
			path = Main;
			sourceTree = "<group>";
		};
		94F9F97D240D0192006C7EF2 /* Resource */ = {
			isa = PBXGroup;
			children = (
				94F9F994240D51B3006C7EF2 /* MainVCSettings.json */,
			);
			path = Resource;
			sourceTree = "<group>";
		};
		94F9F9A0240E9D14006C7EF2 /* New */ = {
			isa = PBXGroup;
			children = (
				94F9F9A1240E9D2B006C7EF2 /* New.storyboard */,
			);
			path = New;
			sourceTree = "<group>";
		};
		94F9F9A324113D37006C7EF2 /* View */ = {
			isa = PBXGroup;
			children = (
				94F9F9A424113DAB006C7EF2 /* BaseUIButton.swift */,
				943EF7EC24148CF1000908F5 /* BaseUIBarButtonItem.swift */,
			);
			path = View;
			sourceTree = "<group>";
		};
		94F9F9A62413BBF9006C7EF2 /* Vistor */ = {
			isa = PBXGroup;
			children = (
				94F9F9AB2413C46D006C7EF2 /* VisitorView.xib */,
				94F9F9AD2413C4E2006C7EF2 /* VisitorView.swift */,
			);
			path = Vistor;
			sourceTree = "<group>";
		};
/* End PBXGroup section */

/* Begin PBXNativeTarget section */
		94F9F95A240CF3E6006C7EF2 /* Sina */ = {
			isa = PBXNativeTarget;
			buildConfigurationList = 94F9F96F240CF3E7006C7EF2 /* Build configuration list for PBXNativeTarget "Sina" */;
			buildPhases = (
				94F9F957240CF3E6006C7EF2 /* Sources */,
				94F9F958240CF3E6006C7EF2 /* Frameworks */,
				94F9F959240CF3E6006C7EF2 /* Resources */,
			);
			buildRules = (
			);
			dependencies = (
			);
			name = Sina;
			productName = Sina;
			productReference = 94F9F95B240CF3E6006C7EF2 /* Sina.app */;
			productType = "com.apple.product-type.application";
		};
/* End PBXNativeTarget section */

/* Begin PBXProject section */
		94F9F953240CF3E6006C7EF2 /* Project object */ = {
			isa = PBXProject;
			attributes = {
				LastSwiftUpdateCheck = 1130;
				LastUpgradeCheck = 1130;
				ORGANIZATIONNAME = westking;
				TargetAttributes = {
					94F9F95A240CF3E6006C7EF2 = {
						CreatedOnToolsVersion = 11.3.1;
					};
				};
			};
			buildConfigurationList = 94F9F956240CF3E6006C7EF2 /* Build configuration list for PBXProject "Sina" */;
			compatibilityVersion = "Xcode 9.3";
			developmentRegion = en;
			hasScannedForEncodings = 0;
			knownRegions = (
				en,
				Base,
			);
			mainGroup = 94F9F952240CF3E6006C7EF2;
			productRefGroup = 94F9F95C240CF3E6006C7EF2 /* Products */;
			projectDirPath = "";
			projectRoot = "";
			targets = (
				94F9F95A240CF3E6006C7EF2 /* Sina */,
			);
		};
/* End PBXProject section */

/* Begin PBXResourcesBuildPhase section */
		94F9F959240CF3E6006C7EF2 /* Resources */ = {
			isa = PBXResourcesBuildPhase;
			buildActionMask = 2147483647;
			files = (
				94F9F96B240CF3E7006C7EF2 /* LaunchScreen.storyboard in Resources */,
				94F9F9AC2413C46E006C7EF2 /* VisitorView.xib in Resources */,
				94F9F999240E992F006C7EF2 /* Home.storyboard in Resources */,
				94F9F995240D51B3006C7EF2 /* MainVCSettings.json in Resources */,
				94F9F968240CF3E7006C7EF2 /* Assets.xcassets in Resources */,
				94F9F966240CF3E7006C7EF2 /* Main.storyboard in Resources */,
				94F9F9A2240E9D2B006C7EF2 /* New.storyboard in Resources */,
				94F9F99D240E999D006C7EF2 /* Profile.storyboard in Resources */,
				94F9F99F240E99DA006C7EF2 /* Message.storyboard in Resources */,
				94F9F99B240E9976006C7EF2 /* Discover.storyboard in Resources */,
			);
			runOnlyForDeploymentPostprocessing = 0;
		};
/* End PBXResourcesBuildPhase section */

/* Begin PBXSourcesBuildPhase section */
		94F9F957240CF3E6006C7EF2 /* Sources */ = {
			isa = PBXSourcesBuildPhase;
			buildActionMask = 2147483647;
			files = (
				94F9F988240D0AAD006C7EF2 /* ProfileViewController.swift in Sources */,
				94F9F95F240CF3E7006C7EF2 /* AppDelegate.swift in Sources */,
				94F9F9A82413BC50006C7EF2 /* BaseViewController.swift in Sources */,
				94F9F9AE2413C4E2006C7EF2 /* VisitorView.swift in Sources */,
				94F9F98E240D1F1C006C7EF2 /* MainViewControllerByJson.swift in Sources */,
				94F9F980240D041D006C7EF2 /* MainViewControllerByReflection.swift in Sources */,
				94F9F984240D0A73006C7EF2 /* MessageViewController.swift in Sources */,
				94F9F982240D0A55006C7EF2 /* HomeViewController.swift in Sources */,
				94F9F997240E940A006C7EF2 /* MainViewController.swift in Sources */,
				94F9F98A240D172C006C7EF2 /* MainViewControllerByMethod.swift in Sources */,
				94F9F9A524113DAB006C7EF2 /* BaseUIButton.swift in Sources */,
				943EF7ED24148CF1000908F5 /* BaseUIBarButtonItem.swift in Sources */,
				94F9F986240D0A8D006C7EF2 /* DiscoverViewController.swift in Sources */,
			);
			runOnlyForDeploymentPostprocessing = 0;
		};
/* End PBXSourcesBuildPhase section */

/* Begin PBXVariantGroup section */
		94F9F964240CF3E7006C7EF2 /* Main.storyboard */ = {
			isa = PBXVariantGroup;
			children = (
				94F9F965240CF3E7006C7EF2 /* Base */,
			);
			name = Main.storyboard;
			sourceTree = "<group>";
		};
		94F9F969240CF3E7006C7EF2 /* LaunchScreen.storyboard */ = {
			isa = PBXVariantGroup;
			children = (
				94F9F96A240CF3E7006C7EF2 /* Base */,
			);
			name = LaunchScreen.storyboard;
			sourceTree = "<group>";
		};
/* End PBXVariantGroup section */

/* Begin XCBuildConfiguration section */
		94F9F96D240CF3E7006C7EF2 /* Debug */ = {
			isa = XCBuildConfiguration;
			buildSettings = {
				ALWAYS_SEARCH_USER_PATHS = NO;
				CLANG_ANALYZER_NONNULL = YES;
				CLANG_ANALYZER_NUMBER_OBJECT_CONVERSION = YES_AGGRESSIVE;
				CLANG_CXX_LANGUAGE_STANDARD = "gnu++14";
				CLANG_CXX_LIBRARY = "libc++";
				CLANG_ENABLE_MODULES = YES;
				CLANG_ENABLE_OBJC_ARC = YES;
				CLANG_ENABLE_OBJC_WEAK = YES;
				CLANG_WARN_BLOCK_CAPTURE_AUTORELEASING = YES;
				CLANG_WARN_BOOL_CONVERSION = YES;
				CLANG_WARN_COMMA = YES;
				CLANG_WARN_CONSTANT_CONVERSION = YES;
				CLANG_WARN_DEPRECATED_OBJC_IMPLEMENTATIONS = YES;
				CLANG_WARN_DIRECT_OBJC_ISA_USAGE = YES_ERROR;
				CLANG_WARN_DOCUMENTATION_COMMENTS = YES;
				CLANG_WARN_EMPTY_BODY = YES;
				CLANG_WARN_ENUM_CONVERSION = YES;
				CLANG_WARN_INFINITE_RECURSION = YES;
				CLANG_WARN_INT_CONVERSION = YES;
				CLANG_WARN_NON_LITERAL_NULL_CONVERSION = YES;
				CLANG_WARN_OBJC_IMPLICIT_RETAIN_SELF = YES;
				CLANG_WARN_OBJC_LITERAL_CONVERSION = YES;
				CLANG_WARN_OBJC_ROOT_CLASS = YES_ERROR;
				CLANG_WARN_RANGE_LOOP_ANALYSIS = YES;
				CLANG_WARN_STRICT_PROTOTYPES = YES;
				CLANG_WARN_SUSPICIOUS_MOVE = YES;
				CLANG_WARN_UNGUARDED_AVAILABILITY = YES_AGGRESSIVE;
				CLANG_WARN_UNREACHABLE_CODE = YES;
				CLANG_WARN__DUPLICATE_METHOD_MATCH = YES;
				COPY_PHASE_STRIP = NO;
				DEBUG_INFORMATION_FORMAT = dwarf;
				ENABLE_STRICT_OBJC_MSGSEND = YES;
				ENABLE_TESTABILITY = YES;
				GCC_C_LANGUAGE_STANDARD = gnu11;
				GCC_DYNAMIC_NO_PIC = NO;
				GCC_NO_COMMON_BLOCKS = YES;
				GCC_OPTIMIZATION_LEVEL = 0;
				GCC_PREPROCESSOR_DEFINITIONS = (
					"DEBUG=1",
					"$(inherited)",
				);
				GCC_WARN_64_TO_32_BIT_CONVERSION = YES;
				GCC_WARN_ABOUT_RETURN_TYPE = YES_ERROR;
				GCC_WARN_UNDECLARED_SELECTOR = YES;
				GCC_WARN_UNINITIALIZED_AUTOS = YES_AGGRESSIVE;
				GCC_WARN_UNUSED_FUNCTION = YES;
				GCC_WARN_UNUSED_VARIABLE = YES;
				IPHONEOS_DEPLOYMENT_TARGET = 13.2;
				MTL_ENABLE_DEBUG_INFO = INCLUDE_SOURCE;
				MTL_FAST_MATH = YES;
				ONLY_ACTIVE_ARCH = YES;
				SDKROOT = iphoneos;
				SWIFT_ACTIVE_COMPILATION_CONDITIONS = DEBUG;
				SWIFT_OPTIMIZATION_LEVEL = "-Onone";
			};
			name = Debug;
		};
		94F9F96E240CF3E7006C7EF2 /* Release */ = {
			isa = XCBuildConfiguration;
			buildSettings = {
				ALWAYS_SEARCH_USER_PATHS = NO;
				CLANG_ANALYZER_NONNULL = YES;
				CLANG_ANALYZER_NUMBER_OBJECT_CONVERSION = YES_AGGRESSIVE;
				CLANG_CXX_LANGUAGE_STANDARD = "gnu++14";
				CLANG_CXX_LIBRARY = "libc++";
				CLANG_ENABLE_MODULES = YES;
				CLANG_ENABLE_OBJC_ARC = YES;
				CLANG_ENABLE_OBJC_WEAK = YES;
				CLANG_WARN_BLOCK_CAPTURE_AUTORELEASING = YES;
				CLANG_WARN_BOOL_CONVERSION = YES;
				CLANG_WARN_COMMA = YES;
				CLANG_WARN_CONSTANT_CONVERSION = YES;
				CLANG_WARN_DEPRECATED_OBJC_IMPLEMENTATIONS = YES;
				CLANG_WARN_DIRECT_OBJC_ISA_USAGE = YES_ERROR;
				CLANG_WARN_DOCUMENTATION_COMMENTS = YES;
				CLANG_WARN_EMPTY_BODY = YES;
				CLANG_WARN_ENUM_CONVERSION = YES;
				CLANG_WARN_INFINITE_RECURSION = YES;
				CLANG_WARN_INT_CONVERSION = YES;
				CLANG_WARN_NON_LITERAL_NULL_CONVERSION = YES;
				CLANG_WARN_OBJC_IMPLICIT_RETAIN_SELF = YES;
				CLANG_WARN_OBJC_LITERAL_CONVERSION = YES;
				CLANG_WARN_OBJC_ROOT_CLASS = YES_ERROR;
				CLANG_WARN_RANGE_LOOP_ANALYSIS = YES;
				CLANG_WARN_STRICT_PROTOTYPES = YES;
				CLANG_WARN_SUSPICIOUS_MOVE = YES;
				CLANG_WARN_UNGUARDED_AVAILABILITY = YES_AGGRESSIVE;
				CLANG_WARN_UNREACHABLE_CODE = YES;
				CLANG_WARN__DUPLICATE_METHOD_MATCH = YES;
				COPY_PHASE_STRIP = NO;
				DEBUG_INFORMATION_FORMAT = "dwarf-with-dsym";
				ENABLE_NS_ASSERTIONS = NO;
				ENABLE_STRICT_OBJC_MSGSEND = YES;
				GCC_C_LANGUAGE_STANDARD = gnu11;
				GCC_NO_COMMON_BLOCKS = YES;
				GCC_WARN_64_TO_32_BIT_CONVERSION = YES;
				GCC_WARN_ABOUT_RETURN_TYPE = YES_ERROR;
				GCC_WARN_UNDECLARED_SELECTOR = YES;
				GCC_WARN_UNINITIALIZED_AUTOS = YES_AGGRESSIVE;
				GCC_WARN_UNUSED_FUNCTION = YES;
				GCC_WARN_UNUSED_VARIABLE = YES;
				IPHONEOS_DEPLOYMENT_TARGET = 13.2;
				MTL_ENABLE_DEBUG_INFO = NO;
				MTL_FAST_MATH = YES;
				SDKROOT = iphoneos;
				SWIFT_COMPILATION_MODE = wholemodule;
				SWIFT_OPTIMIZATION_LEVEL = "-O";
				VALIDATE_PRODUCT = YES;
			};
			name = Release;
		};
		94F9F970240CF3E7006C7EF2 /* Debug */ = {
			isa = XCBuildConfiguration;
			buildSettings = {
				ASSETCATALOG_COMPILER_APPICON_NAME = AppIcon;
				CODE_SIGN_STYLE = Automatic;
				DEVELOPMENT_TEAM = 22F53G9W82;
				INFOPLIST_FILE = Sina/Info.plist;
				IPHONEOS_DEPLOYMENT_TARGET = 9.0;
				LD_RUNPATH_SEARCH_PATHS = (
					"$(inherited)",
					"@executable_path/Frameworks",
				);
				PRODUCT_BUNDLE_IDENTIFIER = jp.co.yahoo.westkingwy.Sina;
				PRODUCT_NAME = "$(TARGET_NAME)";
				SWIFT_VERSION = 5.0;
				TARGETED_DEVICE_FAMILY = "1,2";
			};
			name = Debug;
		};
		94F9F971240CF3E7006C7EF2 /* Release */ = {
			isa = XCBuildConfiguration;
			buildSettings = {
				ASSETCATALOG_COMPILER_APPICON_NAME = AppIcon;
				CODE_SIGN_STYLE = Automatic;
				DEVELOPMENT_TEAM = 22F53G9W82;
				INFOPLIST_FILE = Sina/Info.plist;
				IPHONEOS_DEPLOYMENT_TARGET = 9.0;
				LD_RUNPATH_SEARCH_PATHS = (
					"$(inherited)",
					"@executable_path/Frameworks",
				);
				PRODUCT_BUNDLE_IDENTIFIER = jp.co.yahoo.westkingwy.Sina;
				PRODUCT_NAME = "$(TARGET_NAME)";
				SWIFT_VERSION = 5.0;
				TARGETED_DEVICE_FAMILY = "1,2";
			};
			name = Release;
		};
/* End XCBuildConfiguration section */

/* Begin XCConfigurationList section */
		94F9F956240CF3E6006C7EF2 /* Build configuration list for PBXProject "Sina" */ = {
			isa = XCConfigurationList;
			buildConfigurations = (
				94F9F96D240CF3E7006C7EF2 /* Debug */,
				94F9F96E240CF3E7006C7EF2 /* Release */,
			);
			defaultConfigurationIsVisible = 0;
			defaultConfigurationName = Release;
		};
		94F9F96F240CF3E7006C7EF2 /* Build configuration list for PBXNativeTarget "Sina" */ = {
			isa = XCConfigurationList;
			buildConfigurations = (
				94F9F970240CF3E7006C7EF2 /* Debug */,
				94F9F971240CF3E7006C7EF2 /* Release */,
			);
			defaultConfigurationIsVisible = 0;
			defaultConfigurationName = Release;
		};
/* End XCConfigurationList section */
	};
	rootObject = 94F9F953240CF3E6006C7EF2 /* Project object */;
}
